// !$*UTF8*$!
{
	archiveVersion = 1;
	classes = {
	};
	objectVersion = 56;
	objects = {

/* Begin PBXBuildFile section */
		DCB3F5FD2B65F2C900A0150D /* SpotShield3App.swift in Sources */ = {isa = PBXBuildFile; fileRef = DCB3F5FC2B65F2C900A0150D /* SpotShield3App.swift */; };
		DCB3F5FF2B65F2C900A0150D /* ContentView.swift in Sources */ = {isa = PBXBuildFile; fileRef = DCB3F5FE2B65F2C900A0150D /* ContentView.swift */; };
		DCB3F6012B65F2C900A0150D /* Assets.xcassets in Resources */ = {isa = PBXBuildFile; fileRef = DCB3F6002B65F2C900A0150D /* Assets.xcassets */; };
		DCB3F6052B65F2C900A0150D /* Preview Assets.xcassets in Resources */ = {isa = PBXBuildFile; fileRef = DCB3F6042B65F2C900A0150D /* Preview Assets.xcassets */; };
		DCB3F60F2B65F2C900A0150D /* SpotShield3Tests.swift in Sources */ = {isa = PBXBuildFile; fileRef = DCB3F60E2B65F2C900A0150D /* SpotShield3Tests.swift */; };
		DCB3F6192B65F2C900A0150D /* SpotShield3UITests.swift in Sources */ = {isa = PBXBuildFile; fileRef = DCB3F6182B65F2C900A0150D /* SpotShield3UITests.swift */; };
		DCB3F61B2B65F2C900A0150D /* SpotShield3UITestsLaunchTests.swift in Sources */ = {isa = PBXBuildFile; fileRef = DCB3F61A2B65F2C900A0150D /* SpotShield3UITestsLaunchTests.swift */; };
/* End PBXBuildFile section */

/* Begin PBXContainerItemProxy section */
		DCB3F60B2B65F2C900A0150D /* PBXContainerItemProxy */ = {
			isa = PBXContainerItemProxy;
			containerPortal = DCB3F5F12B65F2C900A0150D /* Project object */;
			proxyType = 1;
			remoteGlobalIDString = DCB3F5F82B65F2C900A0150D;
			remoteInfo = SpotShield3;
		};
		DCB3F6152B65F2C900A0150D /* PBXContainerItemProxy */ = {
			isa = PBXContainerItemProxy;
			containerPortal = DCB3F5F12B65F2C900A0150D /* Project object */;
			proxyType = 1;
			remoteGlobalIDString = DCB3F5F82B65F2C900A0150D;
			remoteInfo = SpotShield3;
		};
/* End PBXContainerItemProxy section */

/* Begin PBXFileReference section */
		DCB3F5F92B65F2C900A0150D /* SpotShield3.app */ = {isa = PBXFileReference; explicitFileType = wrapper.application; includeInIndex = 0; path = SpotShield3.app; sourceTree = BUILT_PRODUCTS_DIR; };
		DCB3F5FC2B65F2C900A0150D /* SpotShield3App.swift */ = {isa = PBXFileReference; lastKnownFileType = sourcecode.swift; path = SpotShield3App.swift; sourceTree = "<group>"; };
		DCB3F5FE2B65F2C900A0150D /* ContentView.swift */ = {isa = PBXFileReference; lastKnownFileType = sourcecode.swift; path = ContentView.swift; sourceTree = "<group>"; };
		DCB3F6002B65F2C900A0150D /* Assets.xcassets */ = {isa = PBXFileReference; lastKnownFileType = folder.assetcatalog; path = Assets.xcassets; sourceTree = "<group>"; };
		DCB3F6022B65F2C900A0150D /* SpotShield3.entitlements */ = {isa = PBXFileReference; lastKnownFileType = text.plist.entitlements; path = SpotShield3.entitlements; sourceTree = "<group>"; };
		DCB3F6042B65F2C900A0150D /* Preview Assets.xcassets */ = {isa = PBXFileReference; lastKnownFileType = folder.assetcatalog; path = "Preview Assets.xcassets"; sourceTree = "<group>"; };
		DCB3F60A2B65F2C900A0150D /* SpotShield3Tests.xctest */ = {isa = PBXFileReference; explicitFileType = wrapper.cfbundle; includeInIndex = 0; path = SpotShield3Tests.xctest; sourceTree = BUILT_PRODUCTS_DIR; };
		DCB3F60E2B65F2C900A0150D /* SpotShield3Tests.swift */ = {isa = PBXFileReference; lastKnownFileType = sourcecode.swift; path = SpotShield3Tests.swift; sourceTree = "<group>"; };
		DCB3F6142B65F2C900A0150D /* SpotShield3UITests.xctest */ = {isa = PBXFileReference; explicitFileType = wrapper.cfbundle; includeInIndex = 0; path = SpotShield3UITests.xctest; sourceTree = BUILT_PRODUCTS_DIR; };
		DCB3F6182B65F2C900A0150D /* SpotShield3UITests.swift */ = {isa = PBXFileReference; lastKnownFileType = sourcecode.swift; path = SpotShield3UITests.swift; sourceTree = "<group>"; };
		DCB3F61A2B65F2C900A0150D /* SpotShield3UITestsLaunchTests.swift */ = {isa = PBXFileReference; lastKnownFileType = sourcecode.swift; path = SpotShield3UITestsLaunchTests.swift; sourceTree = "<group>"; };
/* End PBXFileReference section */

/* Begin PBXFrameworksBuildPhase section */
		DCB3F5F62B65F2C900A0150D /* Frameworks */ = {
			isa = PBXFrameworksBuildPhase;
			buildActionMask = 2147483647;
			files = (
			);
			runOnlyForDeploymentPostprocessing = 0;
		};
		DCB3F6072B65F2C900A0150D /* Frameworks */ = {
			isa = PBXFrameworksBuildPhase;
			buildActionMask = 2147483647;
			files = (
			);
			runOnlyForDeploymentPostprocessing = 0;
		};
		DCB3F6112B65F2C900A0150D /* Frameworks */ = {
			isa = PBXFrameworksBuildPhase;
			buildActionMask = 2147483647;
			files = (
			);
			runOnlyForDeploymentPostprocessing = 0;
		};
/* End PBXFrameworksBuildPhase section */

/* Begin PBXGroup section */
		DCB3F5F02B65F2C900A0150D = {
			isa = PBXGroup;
			children = (
				DCB3F5FB2B65F2C900A0150D /* SpotShield3 */,
				DCB3F60D2B65F2C900A0150D /* SpotShield3Tests */,
				DCB3F6172B65F2C900A0150D /* SpotShield3UITests */,
				DCB3F5FA2B65F2C900A0150D /* Products */,
			);
			sourceTree = "<group>";
		};
		DCB3F5FA2B65F2C900A0150D /* Products */ = {
			isa = PBXGroup;
			children = (
				DCB3F5F92B65F2C900A0150D /* SpotShield3.app */,
				DCB3F60A2B65F2C900A0150D /* SpotShield3Tests.xctest */,
				DCB3F6142B65F2C900A0150D /* SpotShield3UITests.xctest */,
			);
			name = Products;
			sourceTree = "<group>";
		};
		DCB3F5FB2B65F2C900A0150D /* SpotShield3 */ = {
			isa = PBXGroup;
			children = (
				DCB3F5FC2B65F2C900A0150D /* SpotShield3App.swift */,
				DCB3F5FE2B65F2C900A0150D /* ContentView.swift */,
				DCB3F6002B65F2C900A0150D /* Assets.xcassets */,
				DCB3F6022B65F2C900A0150D /* SpotShield3.entitlements */,
				DCB3F6032B65F2C900A0150D /* Preview Content */,
			);
			path = SpotShield3;
			sourceTree = "<group>";
		};
		DCB3F6032B65F2C900A0150D /* Preview Content */ = {
			isa = PBXGroup;
			children = (
				DCB3F6042B65F2C900A0150D /* Preview Assets.xcassets */,
			);
			path = "Preview Content";
			sourceTree = "<group>";
		};
		DCB3F60D2B65F2C900A0150D /* SpotShield3Tests */ = {
			isa = PBXGroup;
			children = (
				DCB3F60E2B65F2C900A0150D /* SpotShield3Tests.swift */,
			);
			path = SpotShield3Tests;
			sourceTree = "<group>";
		};
		DCB3F6172B65F2C900A0150D /* SpotShield3UITests */ = {
			isa = PBXGroup;
			children = (
				DCB3F6182B65F2C900A0150D /* SpotShield3UITests.swift */,
				DCB3F61A2B65F2C900A0150D /* SpotShield3UITestsLaunchTests.swift */,
			);
			path = SpotShield3UITests;
			sourceTree = "<group>";
		};
/* End PBXGroup section */

/* Begin PBXNativeTarget section */
		DCB3F5F82B65F2C900A0150D /* SpotShield3 */ = {
			isa = PBXNativeTarget;
			buildConfigurationList = DCB3F61E2B65F2C900A0150D /* Build configuration list for PBXNativeTarget "SpotShield3" */;
			buildPhases = (
				DCB3F5F52B65F2C900A0150D /* Sources */,
				DCB3F5F62B65F2C900A0150D /* Frameworks */,
				DCB3F5F72B65F2C900A0150D /* Resources */,
			);
			buildRules = (
			);
			dependencies = (
			);
			name = SpotShield3;
			productName = SpotShield3;
			productReference = DCB3F5F92B65F2C900A0150D /* SpotShield3.app */;
			productType = "com.apple.product-type.application";
		};
		DCB3F6092B65F2C900A0150D /* SpotShield3Tests */ = {
			isa = PBXNativeTarget;
			buildConfigurationList = DCB3F6212B65F2C900A0150D /* Build configuration list for PBXNativeTarget "SpotShield3Tests" */;
			buildPhases = (
				DCB3F6062B65F2C900A0150D /* Sources */,
				DCB3F6072B65F2C900A0150D /* Frameworks */,
				DCB3F6082B65F2C900A0150D /* Resources */,
			);
			buildRules = (
			);
			dependencies = (
				DCB3F60C2B65F2C900A0150D /* PBXTargetDependency */,
			);
			name = SpotShield3Tests;
			productName = SpotShield3Tests;
			productReference = DCB3F60A2B65F2C900A0150D /* SpotShield3Tests.xctest */;
			productType = "com.apple.product-type.bundle.unit-test";
		};
		DCB3F6132B65F2C900A0150D /* SpotShield3UITests */ = {
			isa = PBXNativeTarget;
			buildConfigurationList = DCB3F6242B65F2C900A0150D /* Build configuration list for PBXNativeTarget "SpotShield3UITests" */;
			buildPhases = (
				DCB3F6102B65F2C900A0150D /* Sources */,
				DCB3F6112B65F2C900A0150D /* Frameworks */,
				DCB3F6122B65F2C900A0150D /* Resources */,
			);
			buildRules = (
			);
			dependencies = (
				DCB3F6162B65F2C900A0150D /* PBXTargetDependency */,
			);
			name = SpotShield3UITests;
			productName = SpotShield3UITests;
			productReference = DCB3F6142B65F2C900A0150D /* SpotShield3UITests.xctest */;
			productType = "com.apple.product-type.bundle.ui-testing";
		};
/* End PBXNativeTarget section */

/* Begin PBXProject section */
		DCB3F5F12B65F2C900A0150D /* Project object */ = {
			isa = PBXProject;
			attributes = {
				BuildIndependentTargetsInParallel = 1;
				LastSwiftUpdateCheck = 1430;
				LastUpgradeCheck = 1430;
				TargetAttributes = {
					DCB3F5F82B65F2C900A0150D = {
						CreatedOnToolsVersion = 14.3.1;
					};
					DCB3F6092B65F2C900A0150D = {
						CreatedOnToolsVersion = 14.3.1;
						TestTargetID = DCB3F5F82B65F2C900A0150D;
					};
					DCB3F6132B65F2C900A0150D = {
						CreatedOnToolsVersion = 14.3.1;
						TestTargetID = DCB3F5F82B65F2C900A0150D;
					};
				};
			};
			buildConfigurationList = DCB3F5F42B65F2C900A0150D /* Build configuration list for PBXProject "SpotShield3" */;
			compatibilityVersion = "Xcode 14.0";
			developmentRegion = en;
			hasScannedForEncodings = 0;
			knownRegions = (
				en,
				Base,
			);
			mainGroup = DCB3F5F02B65F2C900A0150D;
			productRefGroup = DCB3F5FA2B65F2C900A0150D /* Products */;
			projectDirPath = "";
			projectRoot = "";
			targets = (
				DCB3F5F82B65F2C900A0150D /* SpotShield3 */,
				DCB3F6092B65F2C900A0150D /* SpotShield3Tests */,
				DCB3F6132B65F2C900A0150D /* SpotShield3UITests */,
			);
		};
/* End PBXProject section */

/* Begin PBXResourcesBuildPhase section */
		DCB3F5F72B65F2C900A0150D /* Resources */ = {
			isa = PBXResourcesBuildPhase;
			buildActionMask = 2147483647;
			files = (
				DCB3F6052B65F2C900A0150D /* Preview Assets.xcassets in Resources */,
				DCB3F6012B65F2C900A0150D /* Assets.xcassets in Resources */,
			);
			runOnlyForDeploymentPostprocessing = 0;
		};
		DCB3F6082B65F2C900A0150D /* Resources */ = {
			isa = PBXResourcesBuildPhase;
			buildActionMask = 2147483647;
			files = (
			);
			runOnlyForDeploymentPostprocessing = 0;
		};
		DCB3F6122B65F2C900A0150D /* Resources */ = {
			isa = PBXResourcesBuildPhase;
			buildActionMask = 2147483647;
			files = (
			);
			runOnlyForDeploymentPostprocessing = 0;
		};
/* End PBXResourcesBuildPhase section */

/* Begin PBXSourcesBuildPhase section */
		DCB3F5F52B65F2C900A0150D /* Sources */ = {
			isa = PBXSourcesBuildPhase;
			buildActionMask = 2147483647;
			files = (
				DCB3F5FF2B65F2C900A0150D /* ContentView.swift in Sources */,
				DCB3F5FD2B65F2C900A0150D /* SpotShield3App.swift in Sources */,
			);
			runOnlyForDeploymentPostprocessing = 0;
		};
		DCB3F6062B65F2C900A0150D /* Sources */ = {
			isa = PBXSourcesBuildPhase;
			buildActionMask = 2147483647;
			files = (
				DCB3F60F2B65F2C900A0150D /* SpotShield3Tests.swift in Sources */,
			);
			runOnlyForDeploymentPostprocessing = 0;
		};
		DCB3F6102B65F2C900A0150D /* Sources */ = {
			isa = PBXSourcesBuildPhase;
			buildActionMask = 2147483647;
			files = (
				DCB3F6192B65F2C900A0150D /* SpotShield3UITests.swift in Sources */,
				DCB3F61B2B65F2C900A0150D /* SpotShield3UITestsLaunchTests.swift in Sources */,
			);
			runOnlyForDeploymentPostprocessing = 0;
		};
/* End PBXSourcesBuildPhase section */

/* Begin PBXTargetDependency section */
		DCB3F60C2B65F2C900A0150D /* PBXTargetDependency */ = {
			isa = PBXTargetDependency;
			target = DCB3F5F82B65F2C900A0150D /* SpotShield3 */;
			targetProxy = DCB3F60B2B65F2C900A0150D /* PBXContainerItemProxy */;
		};
		DCB3F6162B65F2C900A0150D /* PBXTargetDependency */ = {
			isa = PBXTargetDependency;
			target = DCB3F5F82B65F2C900A0150D /* SpotShield3 */;
			targetProxy = DCB3F6152B65F2C900A0150D /* PBXContainerItemProxy */;
		};
/* End PBXTargetDependency section */

/* Begin XCBuildConfiguration section */
		DCB3F61C2B65F2C900A0150D /* Debug */ = {
			isa = XCBuildConfiguration;
			buildSettings = {
				ALWAYS_SEARCH_USER_PATHS = NO;
				CLANG_ANALYZER_NONNULL = YES;
				CLANG_ANALYZER_NUMBER_OBJECT_CONVERSION = YES_AGGRESSIVE;
				CLANG_CXX_LANGUAGE_STANDARD = "gnu++20";
				CLANG_ENABLE_MODULES = YES;
				CLANG_ENABLE_OBJC_ARC = YES;
				CLANG_ENABLE_OBJC_WEAK = YES;
				CLANG_WARN_BLOCK_CAPTURE_AUTORELEASING = YES;
				CLANG_WARN_BOOL_CONVERSION = YES;
				CLANG_WARN_COMMA = YES;
				CLANG_WARN_CONSTANT_CONVERSION = YES;
				CLANG_WARN_DEPRECATED_OBJC_IMPLEMENTATIONS = YES;
				CLANG_WARN_DIRECT_OBJC_ISA_USAGE = YES_ERROR;
				CLANG_WARN_DOCUMENTATION_COMMENTS = YES;
				CLANG_WARN_EMPTY_BODY = YES;
				CLANG_WARN_ENUM_CONVERSION = YES;
				CLANG_WARN_INFINITE_RECURSION = YES;
				CLANG_WARN_INT_CONVERSION = YES;
				CLANG_WARN_NON_LITERAL_NULL_CONVERSION = YES;
				CLANG_WARN_OBJC_IMPLICIT_RETAIN_SELF = YES;
				CLANG_WARN_OBJC_LITERAL_CONVERSION = YES;
				CLANG_WARN_OBJC_ROOT_CLASS = YES_ERROR;
				CLANG_WARN_QUOTED_INCLUDE_IN_FRAMEWORK_HEADER = YES;
				CLANG_WARN_RANGE_LOOP_ANALYSIS = YES;
				CLANG_WARN_STRICT_PROTOTYPES = YES;
				CLANG_WARN_SUSPICIOUS_MOVE = YES;
				CLANG_WARN_UNGUARDED_AVAILABILITY = YES_AGGRESSIVE;
				CLANG_WARN_UNREACHABLE_CODE = YES;
				CLANG_WARN__DUPLICATE_METHOD_MATCH = YES;
				COPY_PHASE_STRIP = NO;
				DEBUG_INFORMATION_FORMAT = dwarf;
				ENABLE_STRICT_OBJC_MSGSEND = YES;
				ENABLE_TESTABILITY = YES;
				GCC_C_LANGUAGE_STANDARD = gnu11;
				GCC_DYNAMIC_NO_PIC = NO;
				GCC_NO_COMMON_BLOCKS = YES;
				GCC_OPTIMIZATION_LEVEL = 0;
				GCC_PREPROCESSOR_DEFINITIONS = (
					"DEBUG=1",
					"$(inherited)",
				);
				GCC_WARN_64_TO_32_BIT_CONVERSION = YES;
				GCC_WARN_ABOUT_RETURN_TYPE = YES_ERROR;
				GCC_WARN_UNDECLARED_SELECTOR = YES;
				GCC_WARN_UNINITIALIZED_AUTOS = YES_AGGRESSIVE;
				GCC_WARN_UNUSED_FUNCTION = YES;
				GCC_WARN_UNUSED_VARIABLE = YES;
				MTL_ENABLE_DEBUG_INFO = INCLUDE_SOURCE;
				MTL_FAST_MATH = YES;
				ONLY_ACTIVE_ARCH = YES;
				SWIFT_ACTIVE_COMPILATION_CONDITIONS = DEBUG;
				SWIFT_OPTIMIZATION_LEVEL = "-Onone";
			};
			name = Debug;
		};
		DCB3F61D2B65F2C900A0150D /* Release */ = {
			isa = XCBuildConfiguration;
			buildSettings = {
				ALWAYS_SEARCH_USER_PATHS = NO;
				CLANG_ANALYZER_NONNULL = YES;
				CLANG_ANALYZER_NUMBER_OBJECT_CONVERSION = YES_AGGRESSIVE;
				CLANG_CXX_LANGUAGE_STANDARD = "gnu++20";
				CLANG_ENABLE_MODULES = YES;
				CLANG_ENABLE_OBJC_ARC = YES;
				CLANG_ENABLE_OBJC_WEAK = YES;
				CLANG_WARN_BLOCK_CAPTURE_AUTORELEASING = YES;
				CLANG_WARN_BOOL_CONVERSION = YES;
				CLANG_WARN_COMMA = YES;
				CLANG_WARN_CONSTANT_CONVERSION = YES;
				CLANG_WARN_DEPRECATED_OBJC_IMPLEMENTATIONS = YES;
				CLANG_WARN_DIRECT_OBJC_ISA_USAGE = YES_ERROR;
				CLANG_WARN_DOCUMENTATION_COMMENTS = YES;
				CLANG_WARN_EMPTY_BODY = YES;
				CLANG_WARN_ENUM_CONVERSION = YES;
				CLANG_WARN_INFINITE_RECURSION = YES;
				CLANG_WARN_INT_CONVERSION = YES;
				CLANG_WARN_NON_LITERAL_NULL_CONVERSION = YES;
				CLANG_WARN_OBJC_IMPLICIT_RETAIN_SELF = YES;
				CLANG_WARN_OBJC_LITERAL_CONVERSION = YES;
				CLANG_WARN_OBJC_ROOT_CLASS = YES_ERROR;
				CLANG_WARN_QUOTED_INCLUDE_IN_FRAMEWORK_HEADER = YES;
				CLANG_WARN_RANGE_LOOP_ANALYSIS = YES;
				CLANG_WARN_STRICT_PROTOTYPES = YES;
				CLANG_WARN_SUSPICIOUS_MOVE = YES;
				CLANG_WARN_UNGUARDED_AVAILABILITY = YES_AGGRESSIVE;
				CLANG_WARN_UNREACHABLE_CODE = YES;
				CLANG_WARN__DUPLICATE_METHOD_MATCH = YES;
				COPY_PHASE_STRIP = NO;
				DEBUG_INFORMATION_FORMAT = "dwarf-with-dsym";
				ENABLE_NS_ASSERTIONS = NO;
				ENABLE_STRICT_OBJC_MSGSEND = YES;
				GCC_C_LANGUAGE_STANDARD = gnu11;
				GCC_NO_COMMON_BLOCKS = YES;
				GCC_WARN_64_TO_32_BIT_CONVERSION = YES;
				GCC_WARN_ABOUT_RETURN_TYPE = YES_ERROR;
				GCC_WARN_UNDECLARED_SELECTOR = YES;
				GCC_WARN_UNINITIALIZED_AUTOS = YES_AGGRESSIVE;
				GCC_WARN_UNUSED_FUNCTION = YES;
				GCC_WARN_UNUSED_VARIABLE = YES;
				MTL_ENABLE_DEBUG_INFO = NO;
				MTL_FAST_MATH = YES;
				SWIFT_COMPILATION_MODE = wholemodule;
				SWIFT_OPTIMIZATION_LEVEL = "-O";
			};
			name = Release;
		};
		DCB3F61F2B65F2C900A0150D /* Debug */ = {
			isa = XCBuildConfiguration;
			buildSettings = {
				ASSETCATALOG_COMPILER_APPICON_NAME = AppIcon;
				ASSETCATALOG_COMPILER_GLOBAL_ACCENT_COLOR_NAME = AccentColor;
				CODE_SIGN_ENTITLEMENTS = SpotShield3/SpotShield3.entitlements;
				CODE_SIGN_STYLE = Automatic;
				CURRENT_PROJECT_VERSION = 1;
				DEVELOPMENT_ASSET_PATHS = "\"SpotShield3/Preview Content\"";
				ENABLE_PREVIEWS = YES;
				GENERATE_INFOPLIST_FILE = YES;
				"INFOPLIST_KEY_UIApplicationSceneManifest_Generation[sdk=iphoneos*]" = YES;
				"INFOPLIST_KEY_UIApplicationSceneManifest_Generation[sdk=iphonesimulator*]" = YES;
				"INFOPLIST_KEY_UIApplicationSupportsIndirectInputEvents[sdk=iphoneos*]" = YES;
				"INFOPLIST_KEY_UIApplicationSupportsIndirectInputEvents[sdk=iphonesimulator*]" = YES;
				"INFOPLIST_KEY_UILaunchScreen_Generation[sdk=iphoneos*]" = YES;
				"INFOPLIST_KEY_UILaunchScreen_Generation[sdk=iphonesimulator*]" = YES;
				"INFOPLIST_KEY_UIStatusBarStyle[sdk=iphoneos*]" = UIStatusBarStyleDefault;
				"INFOPLIST_KEY_UIStatusBarStyle[sdk=iphonesimulator*]" = UIStatusBarStyleDefault;
				INFOPLIST_KEY_UISupportedInterfaceOrientations_iPad = "UIInterfaceOrientationPortrait UIInterfaceOrientationPortraitUpsideDown UIInterfaceOrientationLandscapeLeft UIInterfaceOrientationLandscapeRight";
				INFOPLIST_KEY_UISupportedInterfaceOrientations_iPhone = "UIInterfaceOrientationPortrait UIInterfaceOrientationLandscapeLeft UIInterfaceOrientationLandscapeRight";
				IPHONEOS_DEPLOYMENT_TARGET = 16.4;
				LD_RUNPATH_SEARCH_PATHS = "@executable_path/Frameworks";
				"LD_RUNPATH_SEARCH_PATHS[sdk=macosx*]" = "@executable_path/../Frameworks";
				MACOSX_DEPLOYMENT_TARGET = 13.2;
				MARKETING_VERSION = 1.0;
				PRODUCT_BUNDLE_IDENTIFIER = "SpartaHack-9.SpotShield3";
				PRODUCT_NAME = "$(TARGET_NAME)";
				SDKROOT = auto;
				SUPPORTED_PLATFORMS = "iphoneos iphonesimulator macosx";
				SWIFT_EMIT_LOC_STRINGS = YES;
				SWIFT_VERSION = 5.0;
				TARGETED_DEVICE_FAMILY = "1,2";
			};
			name = Debug;
		};
		DCB3F6202B65F2C900A0150D /* Release */ = {
			isa = XCBuildConfiguration;
			buildSettings = {
				ASSETCATALOG_COMPILER_APPICON_NAME = AppIcon;
				ASSETCATALOG_COMPILER_GLOBAL_ACCENT_COLOR_NAME = AccentColor;
				CODE_SIGN_ENTITLEMENTS = SpotShield3/SpotShield3.entitlements;
				CODE_SIGN_STYLE = Automatic;
				CURRENT_PROJECT_VERSION = 1;
				DEVELOPMENT_ASSET_PATHS = "\"SpotShield3/Preview Content\"";
				ENABLE_PREVIEWS = YES;
				GENERATE_INFOPLIST_FILE = YES;
				"INFOPLIST_KEY_UIApplicationSceneManifest_Generation[sdk=iphoneos*]" = YES;
				"INFOPLIST_KEY_UIApplicationSceneManifest_Generation[sdk=iphonesimulator*]" = YES;
				"INFOPLIST_KEY_UIApplicationSupportsIndirectInputEvents[sdk=iphoneos*]" = YES;
				"INFOPLIST_KEY_UIApplicationSupportsIndirectInputEvents[sdk=iphonesimulator*]" = YES;
				"INFOPLIST_KEY_UILaunchScreen_Generation[sdk=iphoneos*]" = YES;
				"INFOPLIST_KEY_UILaunchScreen_Generation[sdk=iphonesimulator*]" = YES;
				"INFOPLIST_KEY_UIStatusBarStyle[sdk=iphoneos*]" = UIStatusBarStyleDefault;
				"INFOPLIST_KEY_UIStatusBarStyle[sdk=iphonesimulator*]" = UIStatusBarStyleDefault;
				INFOPLIST_KEY_UISupportedInterfaceOrientations_iPad = "UIInterfaceOrientationPortrait UIInterfaceOrientationPortraitUpsideDown UIInterfaceOrientationLandscapeLeft UIInterfaceOrientationLandscapeRight";
				INFOPLIST_KEY_UISupportedInterfaceOrientations_iPhone = "UIInterfaceOrientationPortrait UIInterfaceOrientationLandscapeLeft UIInterfaceOrientationLandscapeRight";
				IPHONEOS_DEPLOYMENT_TARGET = 16.4;
				LD_RUNPATH_SEARCH_PATHS = "@executable_path/Frameworks";
				"LD_RUNPATH_SEARCH_PATHS[sdk=macosx*]" = "@executable_path/../Frameworks";
				MACOSX_DEPLOYMENT_TARGET = 13.2;
				MARKETING_VERSION = 1.0;
				PRODUCT_BUNDLE_IDENTIFIER = "SpartaHack-9.SpotShield3";
				PRODUCT_NAME = "$(TARGET_NAME)";
				SDKROOT = auto;
				SUPPORTED_PLATFORMS = "iphoneos iphonesimulator macosx";
				SWIFT_EMIT_LOC_STRINGS = YES;
				SWIFT_VERSION = 5.0;
				TARGETED_DEVICE_FAMILY = "1,2";
			};
			name = Release;
		};
		DCB3F6222B65F2C900A0150D /* Debug */ = {
			isa = XCBuildConfiguration;
			buildSettings = {
				ALWAYS_EMBED_SWIFT_STANDARD_LIBRARIES = YES;
				BUNDLE_LOADER = "$(TEST_HOST)";
				CODE_SIGN_STYLE = Automatic;
				CURRENT_PROJECT_VERSION = 1;
				GENERATE_INFOPLIST_FILE = YES;
				IPHONEOS_DEPLOYMENT_TARGET = 16.4;
				MACOSX_DEPLOYMENT_TARGET = 13.2;
				MARKETING_VERSION = 1.0;
				PRODUCT_BUNDLE_IDENTIFIER = "SpartaHack-9.SpotShield3Tests";
				PRODUCT_NAME = "$(TARGET_NAME)";
				SDKROOT = auto;
				SUPPORTED_PLATFORMS = "iphoneos iphonesimulator macosx";
				SWIFT_EMIT_LOC_STRINGS = NO;
				SWIFT_VERSION = 5.0;
				TARGETED_DEVICE_FAMILY = "1,2";
				TEST_HOST = "$(BUILT_PRODUCTS_DIR)/SpotShield3.app/$(BUNDLE_EXECUTABLE_FOLDER_PATH)/SpotShield3";
			};
			name = Debug;
		};
		DCB3F6232B65F2C900A0150D /* Release */ = {
			isa = XCBuildConfiguration;
			buildSettings = {
				ALWAYS_EMBED_SWIFT_STANDARD_LIBRARIES = YES;
				BUNDLE_LOADER = "$(TEST_HOST)";
				CODE_SIGN_STYLE = Automatic;
				CURRENT_PROJECT_VERSION = 1;
				GENERATE_INFOPLIST_FILE = YES;
				IPHONEOS_DEPLOYMENT_TARGET = 16.4;
				MACOSX_DEPLOYMENT_TARGET = 13.2;
				MARKETING_VERSION = 1.0;
				PRODUCT_BUNDLE_IDENTIFIER = "SpartaHack-9.SpotShield3Tests";
				PRODUCT_NAME = "$(TARGET_NAME)";
				SDKROOT = auto;
				SUPPORTED_PLATFORMS = "iphoneos iphonesimulator macosx";
				SWIFT_EMIT_LOC_STRINGS = NO;
				SWIFT_VERSION = 5.0;
				TARGETED_DEVICE_FAMILY = "1,2";
				TEST_HOST = "$(BUILT_PRODUCTS_DIR)/SpotShield3.app/$(BUNDLE_EXECUTABLE_FOLDER_PATH)/SpotShield3";
			};
			name = Release;
		};
		DCB3F6252B65F2C900A0150D /* Debug */ = {
			isa = XCBuildConfiguration;
			buildSettings = {
				ALWAYS_EMBED_SWIFT_STANDARD_LIBRARIES = YES;
				CODE_SIGN_STYLE = Automatic;
				CURRENT_PROJECT_VERSION = 1;
				GENERATE_INFOPLIST_FILE = YES;
				IPHONEOS_DEPLOYMENT_TARGET = 16.4;
				MACOSX_DEPLOYMENT_TARGET = 13.2;
				MARKETING_VERSION = 1.0;
				PRODUCT_BUNDLE_IDENTIFIER = "SpartaHack-9.SpotShield3UITests";
				PRODUCT_NAME = "$(TARGET_NAME)";
				SDKROOT = auto;
				SUPPORTED_PLATFORMS = "iphoneos iphonesimulator macosx";
				SWIFT_EMIT_LOC_STRINGS = NO;
				SWIFT_VERSION = 5.0;
				TARGETED_DEVICE_FAMILY = "1,2";
				TEST_TARGET_NAME = SpotShield3;
			};
			name = Debug;
		};
		DCB3F6262B65F2C900A0150D /* Release */ = {
			isa = XCBuildConfiguration;
			buildSettings = {
				ALWAYS_EMBED_SWIFT_STANDARD_LIBRARIES = YES;
				CODE_SIGN_STYLE = Automatic;
				CURRENT_PROJECT_VERSION = 1;
				GENERATE_INFOPLIST_FILE = YES;
				IPHONEOS_DEPLOYMENT_TARGET = 16.4;
				MACOSX_DEPLOYMENT_TARGET = 13.2;
				MARKETING_VERSION = 1.0;
				PRODUCT_BUNDLE_IDENTIFIER = "SpartaHack-9.SpotShield3UITests";
				PRODUCT_NAME = "$(TARGET_NAME)";
				SDKROOT = auto;
				SUPPORTED_PLATFORMS = "iphoneos iphonesimulator macosx";
				SWIFT_EMIT_LOC_STRINGS = NO;
				SWIFT_VERSION = 5.0;
				TARGETED_DEVICE_FAMILY = "1,2";
				TEST_TARGET_NAME = SpotShield3;
			};
			name = Release;
		};
/* End XCBuildConfiguration section */

/* Begin XCConfigurationList section */
		DCB3F5F42B65F2C900A0150D /* Build configuration list for PBXProject "SpotShield3" */ = {
			isa = XCConfigurationList;
			buildConfigurations = (
				DCB3F61C2B65F2C900A0150D /* Debug */,
				DCB3F61D2B65F2C900A0150D /* Release */,
			);
			defaultConfigurationIsVisible = 0;
			defaultConfigurationName = Release;
		};
		DCB3F61E2B65F2C900A0150D /* Build configuration list for PBXNativeTarget "SpotShield3" */ = {
			isa = XCConfigurationList;
			buildConfigurations = (
				DCB3F61F2B65F2C900A0150D /* Debug */,
				DCB3F6202B65F2C900A0150D /* Release */,
			);
			defaultConfigurationIsVisible = 0;
			defaultConfigurationName = Release;
		};
		DCB3F6212B65F2C900A0150D /* Build configuration list for PBXNativeTarget "SpotShield3Tests" */ = {
			isa = XCConfigurationList;
			buildConfigurations = (
				DCB3F6222B65F2C900A0150D /* Debug */,
				DCB3F6232B65F2C900A0150D /* Release */,
			);
			defaultConfigurationIsVisible = 0;
			defaultConfigurationName = Release;
		};
		DCB3F6242B65F2C900A0150D /* Build configuration list for PBXNativeTarget "SpotShield3UITests" */ = {
			isa = XCConfigurationList;
			buildConfigurations = (
				DCB3F6252B65F2C900A0150D /* Debug */,
				DCB3F6262B65F2C900A0150D /* Release */,
			);
			defaultConfigurationIsVisible = 0;
			defaultConfigurationName = Release;
		};
/* End XCConfigurationList section */
	};
	rootObject = DCB3F5F12B65F2C900A0150D /* Project object */;
}
